<?xml version="1.0" encoding="utf-8"?>
<Project ToolsVersion="4.0" xmlns="http://schemas.microsoft.com/developer/msbuild/2003">
  <ItemGroup>
    <Filter Include="Source Files">
      <UniqueIdentifier>{4FC737F1-C7A5-4376-A066-2A32D752A2FF}</UniqueIdentifier>
      <Extensions>cpp;c;cc;cxx;def;odl;idl;hpj;bat;asm;asmx</Extensions>
    </Filter>
    <Filter Include="Header Files">
      <UniqueIdentifier>{93995380-89BD-4b04-88EB-625FBE52EBFB}</UniqueIdentifier>
      <Extensions>h;hh;hpp;hxx;hm;inl;inc;xsd</Extensions>
    </Filter>
    <Filter Include="Resource Files">
      <UniqueIdentifier>{67DA6AB6-F800-4c08-8B7A-83BB121AAD01}</UniqueIdentifier>
      <Extensions>rc;ico;cur;bmp;dlg;rc2;rct;bin;rgs;gif;jpg;jpeg;jpe;resx;tiff;tif;png;wav;mfcribbon-ms</Extensions>
    </Filter>
    <Filter Include="Exceptions">
      <UniqueIdentifier>{ca9bc74c-9570-45cb-aece-3c367b024307}</UniqueIdentifier>
    </Filter>
    <Filter Include="Source Files\Communications">
      <UniqueIdentifier>{57ac20b8-2fa1-4a20-b5af-5a4d05fe133c}</UniqueIdentifier>
    </Filter>
    <Filter Include="Source Files\SystemXML">
      <UniqueIdentifier>{182f7bad-32d0-4d0f-838f-da9c7d6cf203}</UniqueIdentifier>
    </Filter>
    <Filter Include="Source Files\Logging">
      <UniqueIdentifier>{b97e1424-80ce-4b0a-8bbd-313491809431}</UniqueIdentifier>
    </Filter>
  </ItemGroup>
  <ItemGroup>
    <Text Include="ReadMe.txt" />
  </ItemGroup>
  <ItemGroup>
    <ClInclude Include="SPU3AutoIPConfigTool.h">
      <Filter>Header Files</Filter>
    </ClInclude>
    <ClInclude Include="stdafx.h">
      <Filter>Header Files</Filter>
    </ClInclude>
    <ClInclude Include="targetver.h">
      <Filter>Header Files</Filter>
    </ClInclude>
    <ClInclude Include="MainFrm.h">
      <Filter>Header Files</Filter>
    </ClInclude>
    <ClInclude Include="SPU3AutoIPConfigToolDoc.h">
      <Filter>Header Files</Filter>
    </ClInclude>
    <ClInclude Include="Resource.h">
      <Filter>Header Files</Filter>
    </ClInclude>
    <ClInclude Include="ViewTree.h">
      <Filter>Header Files</Filter>
    </ClInclude>
    <ClInclude Include="OutputWnd.h">
      <Filter>Header Files</Filter>
    </ClInclude>
    <ClInclude Include="DockableDialogBarPane.h">
      <Filter>Header Files</Filter>
    </ClInclude>
    <ClInclude Include="DockableDialogBar.h">
      <Filter>Header Files</Filter>
    </ClInclude>
    <ClInclude Include="MCXMLArchive.h">
      <Filter>Header Files</Filter>
    </ClInclude>
    <ClInclude Include="MCXMLTagsDefines.h">
      <Filter>Header Files</Filter>
    </ClInclude>
    <ClInclude Include="MigrationConstants.h">
      <Filter>Header Files</Filter>
    </ClInclude>
    <ClInclude Include="XML_PARSER.h">
      <Filter>Header Files</Filter>
    </ClInclude>
    <ClInclude Include="MCInker.h">
      <Filter>Header Files</Filter>
    </ClInclude>
    <ClInclude Include="MCSPU.h">
      <Filter>Header Files</Filter>
    </ClInclude>
    <ClInclude Include="MCSystem.h">
      <Filter>Header Files</Filter>
    </ClInclude>
    <ClInclude Include="MCPress.h">
      <Filter>Header Files</Filter>
    </ClInclude>
    <ClInclude Include="Defines.h">
      <Filter>Header Files</Filter>
    </ClInclude>
    <ClInclude Include="IndexOutOfBoundsException.h">
      <Filter>Exceptions</Filter>
    </ClInclude>
    <ClInclude Include="InvalidAccessException.h">
      <Filter>Exceptions</Filter>
    </ClInclude>
    <ClInclude Include="InvalidValueException.h">
      <Filter>Exceptions</Filter>
    </ClInclude>
    <ClInclude Include="NetBurnSocket.h">
      <Filter>Header Files</Filter>
    </ClInclude>
    <ClInclude Include="DeviceTreeView.h">
      <Filter>Header Files</Filter>
    </ClInclude>
    <ClInclude Include="SPU3DeviceConfigView.h">
      <Filter>Header Files</Filter>
    </ClInclude>
    <ClInclude Include="SPU3AutoIPConfigToolView.h">
      <Filter>Header Files</Filter>
    </ClInclude>
    <ClInclude Include="SPU3AllDevicesView.h">
      <Filter>Header Files</Filter>
    </ClInclude>
    <ClInclude Include="LogUtility.h">
      <Filter>Header Files</Filter>
    </ClInclude>
    <ClInclude Include="AppException.h">
      <Filter>Exceptions</Filter>
    </ClInclude>
  </ItemGroup>
  <ItemGroup>
    <ClCompile Include="SPU3AutoIPConfigTool.cpp">
      <Filter>Source Files</Filter>
    </ClCompile>
    <ClCompile Include="stdafx.cpp">
      <Filter>Source Files</Filter>
    </ClCompile>
    <ClCompile Include="MainFrm.cpp">
      <Filter>Source Files</Filter>
    </ClCompile>
    <ClCompile Include="SPU3AutoIPConfigToolDoc.cpp">
      <Filter>Source Files</Filter>
    </ClCompile>
    <ClCompile Include="ViewTree.cpp">
      <Filter>Source Files</Filter>
    </ClCompile>
    <ClCompile Include="OutputWnd.cpp">
      <Filter>Source Files</Filter>
    </ClCompile>
    <ClCompile Include="DockableDialogBarPane.cpp">
      <Filter>Source Files</Filter>
    </ClCompile>
    <ClCompile Include="DockableDialogBar.cpp">
      <Filter>Source Files</Filter>
    </ClCompile>
    <ClCompile Include="MCXMLArchive.cpp">
      <Filter>Source Files\SystemXML</Filter>
    </ClCompile>
    <ClCompile Include="XML_PARSER.cpp">
      <Filter>Source Files\SystemXML</Filter>
    </ClCompile>
    <ClCompile Include="MCInker.cpp">
      <Filter>Source Files\SystemXML</Filter>
    </ClCompile>
    <ClCompile Include="MCSPU.cpp">
      <Filter>Source Files\SystemXML</Filter>
    </ClCompile>
    <ClCompile Include="MCSystem.cpp">
      <Filter>Source Files\SystemXML</Filter>
    </ClCompile>
    <ClCompile Include="MCPress.cpp">
      <Filter>Source Files\SystemXML</Filter>
    </ClCompile>
    <ClCompile Include="NetBurnSocket.cpp">
      <Filter>Source Files\Communications</Filter>
    </ClCompile>
    <ClCompile Include="DeviceTreeView.cpp">
      <Filter>Source Files</Filter>
    </ClCompile>
    <ClCompile Include="SPU3DeviceConfigView.cpp">
      <Filter>Source Files</Filter>
    </ClCompile>
    <ClCompile Include="SPU3AutoIPConfigToolView.cpp">
      <Filter>Source Files</Filter>
    </ClCompile>
    <ClCompile Include="SPU3AllDevicesView.cpp">
      <Filter>Source Files</Filter>
    </ClCompile>
    <ClCompile Include="LogUtility.cpp">
      <Filter>Source Files\Logging</Filter>
    </ClCompile>
  </ItemGroup>
  <ItemGroup>
    <ResourceCompile Include="SPU3AutoIPConfigTool.rc">
      <Filter>Resource Files</Filter>
    </ResourceCompile>
  </ItemGroup>
  <ItemGroup>
    <Image Include="res\file_view.ico">
      <Filter>Resource Files</Filter>
    </Image>
    <Image Include="res\file_view_hc.ico">
      <Filter>Resource Files</Filter>
    </Image>
    <Image Include="res\class_view.ico">
      <Filter>Resource Files</Filter>
    </Image>
    <Image Include="res\class_view_hc.ico">
      <Filter>Resource Files</Filter>
    </Image>
    <Image Include="res\fileview.bmp">
      <Filter>Resource Files</Filter>
    </Image>
    <Image Include="res\fileview_hc.bmp">
      <Filter>Resource Files</Filter>
    </Image>
    <Image Include="res\classview.bmp">
      <Filter>Resource Files</Filter>
    </Image>
    <Image Include="res\classview_hc.bmp">
      <Filter>Resource Files</Filter>
    </Image>
    <Image Include="res\explorer.bmp">
      <Filter>Resource Files</Filter>
    </Image>
    <Image Include="res\explorer_hc.bmp">
      <Filter>Resource Files</Filter>
    </Image>
    <Image Include="res\sort.bmp">
      <Filter>Resource Files</Filter>
    </Image>
    <Image Include="res\sort_hc.bmp">
      <Filter>Resource Files</Filter>
    </Image>
    <Image Include="res\menuimages.bmp">
      <Filter>Resource Files</Filter>
    </Image>
    <Image Include="res\menuimages_hc.bmp">
      <Filter>Resource Files</Filter>
    </Image>
    <Image Include="res\output_wnd.ico">
      <Filter>Resource Files</Filter>
    </Image>
    <Image Include="res\output_wnd_hc.ico">
      <Filter>Resource Files</Filter>
    </Image>
    <Image Include="res\properties_wnd.ico">
      <Filter>Resource Files</Filter>
    </Image>
    <Image Include="res\properties_wnd_hc.ico">
      <Filter>Resource Files</Filter>
    </Image>
    <Image Include="res\properties.bmp">
      <Filter>Resource Files</Filter>
    </Image>
    <Image Include="res\properties_hc.bmp">
      <Filter>Resource Files</Filter>
    </Image>
    <Image Include="UserImages.bmp">
      <Filter>Resource Files</Filter>
    </Image>
    <Image Include="res\SPU3AutoIPConfigToolDoc.ico">
      <Filter>Resource Files</Filter>
    </Image>
    <Image Include="res\SPU3AutoIPConfigTool.ico">
      <Filter>Resource Files</Filter>
    </Image>
    <Image Include="res\Toolbar.bmp">
      <Filter>Resource Files</Filter>
    </Image>
    <Image Include="res\Toolbar256.bmp">
      <Filter>Resource Files</Filter>
    </Image>
    <Image Include="res\bitmap1.bmp">
      <Filter>Resource Files</Filter>
    </Image>
    <Image Include="res\icon1.ico">
      <Filter>Resource Files</Filter>
    </Image>
    <Image Include="res\Load.bmp">
      <Filter>Resource Files</Filter>
    </Image>
    <Image Include="res\Report.bmp">
      <Filter>Resource Files</Filter>
    </Image>
    <Image Include="res\history.bmp">
      <Filter>Resource Files</Filter>
    </Image>
    <Image Include="res\reboot.bmp">
      <Filter>Resource Files</Filter>
    </Image>
    <Image Include="res\Blink.bmp">
      <Filter>Resource Files</Filter>
    </Image>
    <Image Include="res\Apply.bmp">
      <Filter>Resource Files</Filter>
    </Image>
    <Image Include="res\BlinkNotActive.bmp">
      <Filter>Resource Files</Filter>
    </Image>
  </ItemGroup>
  <ItemGroup>
    <None Include="res\SPU3AutoIPConfigTool.rc2">
      <Filter>Resource Files</Filter>
    </None>
  </ItemGroup>
</Project>